
Microsoft Visual Studio Solution File, Format Version 12.00
# Visual Studio 15
Project("{FAE04EC0-301F-11D3-BF4B-00C04F79EFBC}") = "Unity.InputSystem", "Unity.InputSystem.csproj", "{E381F7D2-8E1E-E821-227C-C78D5932E6F7}"
EndProject
Project("{FAE04EC0-301F-11D3-BF4B-00C04F79EFBC}") = "Unity.VisualStudio.Editor", "Unity.VisualStudio.Editor.csproj", "{E3B4F42D-66B4-9FFF-DACA-FC7298F5EBFA}"
EndProject
Project("{FAE04EC0-301F-11D3-BF4B-00C04F79EFBC}") = "Assembly-CSharp", "Assembly-CSharp.csproj", "{B2B58FB2-4462-6B0C-A872-40DD957E5FE0}"
EndProject
Project("{FAE04EC0-301F-11D3-BF4B-00C04F79EFBC}") = "Unity.InputSystem.TestFramework", "Unity.InputSystem.TestFramework.csproj", "{C3D08D10-03ED-4D95-BE9F-FB37974626C7}"
EndProject
Project("{FAE04EC0-301F-11D3-BF4B-00C04F79EFBC}") = "Unity.InputSystem.ForUI", "Unity.InputSystem.ForUI.csproj", "{28A38E3F-B48C-40D3-53FE-10BA5124F066}"
EndProject
Project("{FAE04EC0-301F-11D3-BF4B-00C04F79EFBC}") = "Unity.InputSystem.DocCodeSamples", "Unity.InputSystem.DocCodeSamples.csproj", "{2669AA61-B077-ADC5-2ADF-1DBA580B4C20}"
EndProject
Global
	GlobalSection(SolutionConfigurationPlatforms) = preSolution
		Debug|Any CPU = Debug|Any CPU
		Release|Any CPU = Release|Any CPU
	EndGlobalSection
	GlobalSection(ProjectConfigurationPlatforms) = postSolution
		{E381F7D2-8E1E-E821-227C-C78D5932E6F7}.Debug|Any CPU.ActiveCfg = Debug|Any CPU
		{E381F7D2-8E1E-E821-227C-C78D5932E6F7}.Debug|Any CPU.Build.0 = Debug|Any CPU
		{E381F7D2-8E1E-E821-227C-C78D5932E6F7}.Release|Any CPU.ActiveCfg = Release|Any CPU
		{E381F7D2-8E1E-E821-227C-C78D5932E6F7}.Release|Any CPU.Build.0 = Release|Any CPU
		{E3B4F42D-66B4-9FFF-DACA-FC7298F5EBFA}.Debug|Any CPU.ActiveCfg = Debug|Any CPU
		{E3B4F42D-66B4-9FFF-DACA-FC7298F5EBFA}.Debug|Any CPU.Build.0 = Debug|Any CPU
		{E3B4F42D-66B4-9FFF-DACA-FC7298F5EBFA}.Release|Any CPU.ActiveCfg = Release|Any CPU
		{E3B4F42D-66B4-9FFF-DACA-FC7298F5EBFA}.Release|Any CPU.Build.0 = Release|Any CPU
		{B2B58FB2-4462-6B0C-A872-40DD957E5FE0}.Debug|Any CPU.ActiveCfg = Debug|Any CPU
		{B2B58FB2-4462-6B0C-A872-40DD957E5FE0}.Debug|Any CPU.Build.0 = Debug|Any CPU
		{B2B58FB2-4462-6B0C-A872-40DD957E5FE0}.Release|Any CPU.ActiveCfg = Release|Any CPU
		{B2B58FB2-4462-6B0C-A872-40DD957E5FE0}.Release|Any CPU.Build.0 = Release|Any CPU
		{C3D08D10-03ED-4D95-BE9F-FB37974626C7}.Debug|Any CPU.ActiveCfg = Debug|Any CPU
		{C3D08D10-03ED-4D95-BE9F-FB37974626C7}.Debug|Any CPU.Build.0 = Debug|Any CPU
		{C3D08D10-03ED-4D95-BE9F-FB37974626C7}.Release|Any CPU.ActiveCfg = Release|Any CPU
		{C3D08D10-03ED-4D95-BE9F-FB37974626C7}.Release|Any CPU.Build.0 = Release|Any CPU
		{28A38E3F-B48C-40D3-53FE-10BA5124F066}.Debug|Any CPU.ActiveCfg = Debug|Any CPU
		{28A38E3F-B48C-40D3-53FE-10BA5124F066}.Debug|Any CPU.Build.0 = Debug|Any CPU
		{28A38E3F-B48C-40D3-53FE-10BA5124F066}.Release|Any CPU.ActiveCfg = Release|Any CPU
		{28A38E3F-B48C-40D3-53FE-10BA5124F066}.Release|Any CPU.Build.0 = Release|Any CPU
		{2669AA61-B077-ADC5-2ADF-1DBA580B4C20}.Debug|Any CPU.ActiveCfg = Debug|Any CPU
		{2669AA61-B077-ADC5-2ADF-1DBA580B4C20}.Debug|Any CPU.Build.0 = Debug|Any CPU
		{2669AA61-B077-ADC5-2ADF-1DBA580B4C20}.Release|Any CPU.ActiveCfg = Release|Any CPU
		{2669AA61-B077-ADC5-2ADF-1DBA580B4C20}.Release|Any CPU.Build.0 = Release|Any CPU
	EndGlobalSection
	GlobalSection(SolutionProperties) = preSolution
		HideSolutionNode = FALSE
	EndGlobalSection
EndGlobal
